
Microsoft Visual Studio Solution File, Format Version 12.00
# Visual Studio Version 17
VisualStudioVersion = 17.5.002.0
MinimumVisualStudioVersion = 10.0.40219.1
Project("{2150E333-8FDC-42A3-9474-1A3956D46DE8}") = "sandbox", "sandbox", "{DD7EA1C2-62DF-4E2B-8688-0D196877A004}"
EndProject
Project("{9A19103F-16F7-4668-BE54-9A1E7A4F7556}") = "sandbox_project", "sandbox\sandbox_project\sandbox_project.csproj", "{AB488A3A-821E-4E00-8ACE-B7343935DB1C}"
EndProject
Project("{2150E333-8FDC-42A3-9474-1A3956D46DE8}") = "week01", "week01", "{7BB65B1A-5524-46AB-ABCA-ACA65BB4D970}"
EndProject
Project("{9A19103F-16F7-4668-BE54-9A1E7A4F7556}") = "analyze", "week01\analyze\analyze.csproj", "{06D019D2-CB76-46B2-B7B6-8B8FE58594D7}"
EndProject
Project("{9A19103F-16F7-4668-BE54-9A1E7A4F7556}") = "code", "week01\code\code.csproj", "{B0BFC293-5A9C-4DB4-B314-BD069BE14A99}"
EndProject
Project("{9A19103F-16F7-4668-BE54-9A1E7A4F7556}") = "teach", "week01\teach\teach.csproj", "{A3F1E6FC-433E-4ABE-A8EA-2302D86D89E7}"
EndProject
Project("{2150E333-8FDC-42A3-9474-1A3956D46DE8}") = "week02", "week02", "{42119377-E8F8-42FD-AEE5-0DDEEAD0AC39}"
EndProject
Project("{9A19103F-16F7-4668-BE54-9A1E7A4F7556}") = "analyze", "week02\analyze\analyze.csproj", "{994E2D11-2645-4756-AF2E-CC83F9B26526}"
EndProject
Project("{9A19103F-16F7-4668-BE54-9A1E7A4F7556}") = "code", "week02\code\code.csproj", "{9BBF33EA-8B68-44E2-A747-9566B28C4C4B}"
EndProject
Project("{9A19103F-16F7-4668-BE54-9A1E7A4F7556}") = "learn", "week02\learn\learn.csproj", "{C20FD750-33F9-43F7-84CE-8B1525B6E512}"
EndProject
Project("{9A19103F-16F7-4668-BE54-9A1E7A4F7556}") = "teach", "week02\teach\teach.csproj", "{2D3332AD-3139-4205-A4D0-A79D4CFC8F77}"
EndProject
Project("{2150E333-8FDC-42A3-9474-1A3956D46DE8}") = "week03", "week03", "{094A00BD-DFB2-46CE-8043-BF7B2793C06D}"
EndProject
Project("{9A19103F-16F7-4668-BE54-9A1E7A4F7556}") = "code", "week03\code\code.csproj", "{80C24B69-489B-4239-869E-9CE72EB51C9D}"
EndProject
Project("{9A19103F-16F7-4668-BE54-9A1E7A4F7556}") = "learn", "week03\learn\learn.csproj", "{64E7B0C4-E00D-4742-BDC4-7497004F22BC}"
EndProject
Project("{9A19103F-16F7-4668-BE54-9A1E7A4F7556}") = "teach", "week03\teach\teach.csproj", "{78B48230-72DF-492A-ABB2-FE9E836AA3B1}"
EndProject
Project("{2150E333-8FDC-42A3-9474-1A3956D46DE8}") = "week04", "week04", "{9FA95784-A7DB-410D-B935-58EFA3FD68F0}"
EndProject
Project("{9A19103F-16F7-4668-BE54-9A1E7A4F7556}") = "code", "week04\code\code.csproj", "{E2E398A7-BB89-470F-A009-C445B5C3443E}"
EndProject
Project("{2150E333-8FDC-42A3-9474-1A3956D46DE8}") = "week05", "week05", "{B7743DA0-6114-4FE8-AB32-B4425F28BB7B}"
EndProject
Project("{9A19103F-16F7-4668-BE54-9A1E7A4F7556}") = "code", "week05\code\code.csproj", "{5DC4F44F-386D-4C81-9839-272C9B824784}"
EndProject
Project("{2150E333-8FDC-42A3-9474-1A3956D46DE8}") = "week06", "week06", "{20EF0AAD-38D5-44BA-B296-CE633C2D6DEF}"
EndProject
Project("{9A19103F-16F7-4668-BE54-9A1E7A4F7556}") = "code", "week06\code\code.csproj", "{ABA7BAFF-0C35-489A-A059-65C540B22E67}"
EndProject
Global
	GlobalSection(SolutionConfigurationPlatforms) = preSolution
		Debug|Any CPU = Debug|Any CPU
		Release|Any CPU = Release|Any CPU
	EndGlobalSection
	GlobalSection(ProjectConfigurationPlatforms) = postSolution
		{AB488A3A-821E-4E00-8ACE-B7343935DB1C}.Debug|Any CPU.ActiveCfg = Debug|Any CPU
		{AB488A3A-821E-4E00-8ACE-B7343935DB1C}.Debug|Any CPU.Build.0 = Debug|Any CPU
		{AB488A3A-821E-4E00-8ACE-B7343935DB1C}.Release|Any CPU.ActiveCfg = Release|Any CPU
		{AB488A3A-821E-4E00-8ACE-B7343935DB1C}.Release|Any CPU.Build.0 = Release|Any CPU
		{06D019D2-CB76-46B2-B7B6-8B8FE58594D7}.Debug|Any CPU.ActiveCfg = Debug|Any CPU
		{06D019D2-CB76-46B2-B7B6-8B8FE58594D7}.Debug|Any CPU.Build.0 = Debug|Any CPU
		{06D019D2-CB76-46B2-B7B6-8B8FE58594D7}.Release|Any CPU.ActiveCfg = Release|Any CPU
		{06D019D2-CB76-46B2-B7B6-8B8FE58594D7}.Release|Any CPU.Build.0 = Release|Any CPU
		{B0BFC293-5A9C-4DB4-B314-BD069BE14A99}.Debug|Any CPU.ActiveCfg = Debug|Any CPU
		{B0BFC293-5A9C-4DB4-B314-BD069BE14A99}.Debug|Any CPU.Build.0 = Debug|Any CPU
		{B0BFC293-5A9C-4DB4-B314-BD069BE14A99}.Release|Any CPU.ActiveCfg = Release|Any CPU
		{B0BFC293-5A9C-4DB4-B314-BD069BE14A99}.Release|Any CPU.Build.0 = Release|Any CPU
		{A3F1E6FC-433E-4ABE-A8EA-2302D86D89E7}.Debug|Any CPU.ActiveCfg = Debug|Any CPU
		{A3F1E6FC-433E-4ABE-A8EA-2302D86D89E7}.Debug|Any CPU.Build.0 = Debug|Any CPU
		{A3F1E6FC-433E-4ABE-A8EA-2302D86D89E7}.Release|Any CPU.ActiveCfg = Release|Any CPU
		{A3F1E6FC-433E-4ABE-A8EA-2302D86D89E7}.Release|Any CPU.Build.0 = Release|Any CPU
		{994E2D11-2645-4756-AF2E-CC83F9B26526}.Debug|Any CPU.ActiveCfg = Debug|Any CPU
		{994E2D11-2645-4756-AF2E-CC83F9B26526}.Debug|Any CPU.Build.0 = Debug|Any CPU
		{994E2D11-2645-4756-AF2E-CC83F9B26526}.Release|Any CPU.ActiveCfg = Release|Any CPU
		{994E2D11-2645-4756-AF2E-CC83F9B26526}.Release|Any CPU.Build.0 = Release|Any CPU
		{9BBF33EA-8B68-44E2-A747-9566B28C4C4B}.Debug|Any CPU.ActiveCfg = Debug|Any CPU
		{9BBF33EA-8B68-44E2-A747-9566B28C4C4B}.Debug|Any CPU.Build.0 = Debug|Any CPU
		{9BBF33EA-8B68-44E2-A747-9566B28C4C4B}.Release|Any CPU.ActiveCfg = Release|Any CPU
		{9BBF33EA-8B68-44E2-A747-9566B28C4C4B}.Release|Any CPU.Build.0 = Release|Any CPU
		{C20FD750-33F9-43F7-84CE-8B1525B6E512}.Debug|Any CPU.ActiveCfg = Debug|Any CPU
		{C20FD750-33F9-43F7-84CE-8B1525B6E512}.Debug|Any CPU.Build.0 = Debug|Any CPU
		{C20FD750-33F9-43F7-84CE-8B1525B6E512}.Release|Any CPU.ActiveCfg = Release|Any CPU
		{C20FD750-33F9-43F7-84CE-8B1525B6E512}.Release|Any CPU.Build.0 = Release|Any CPU
		{2D3332AD-3139-4205-A4D0-A79D4CFC8F77}.Debug|Any CPU.ActiveCfg = Debug|Any CPU
		{2D3332AD-3139-4205-A4D0-A79D4CFC8F77}.Debug|Any CPU.Build.0 = Debug|Any CPU
		{2D3332AD-3139-4205-A4D0-A79D4CFC8F77}.Release|Any CPU.ActiveCfg = Release|Any CPU
		{2D3332AD-3139-4205-A4D0-A79D4CFC8F77}.Release|Any CPU.Build.0 = Release|Any CPU
		{80C24B69-489B-4239-869E-9CE72EB51C9D}.Debug|Any CPU.ActiveCfg = Debug|Any CPU
		{80C24B69-489B-4239-869E-9CE72EB51C9D}.Debug|Any CPU.Build.0 = Debug|Any CPU
		{80C24B69-489B-4239-869E-9CE72EB51C9D}.Release|Any CPU.ActiveCfg = Release|Any CPU
		{80C24B69-489B-4239-869E-9CE72EB51C9D}.Release|Any CPU.Build.0 = Release|Any CPU
		{64E7B0C4-E00D-4742-BDC4-7497004F22BC}.Debug|Any CPU.ActiveCfg = Debug|Any CPU
		{64E7B0C4-E00D-4742-BDC4-7497004F22BC}.Debug|Any CPU.Build.0 = Debug|Any CPU
		{64E7B0C4-E00D-4742-BDC4-7497004F22BC}.Release|Any CPU.ActiveCfg = Release|Any CPU
		{64E7B0C4-E00D-4742-BDC4-7497004F22BC}.Release|Any CPU.Build.0 = Release|Any CPU
		{78B48230-72DF-492A-ABB2-FE9E836AA3B1}.Debug|Any CPU.ActiveCfg = Debug|Any CPU
		{78B48230-72DF-492A-ABB2-FE9E836AA3B1}.Debug|Any CPU.Build.0 = Debug|Any CPU
		{78B48230-72DF-492A-ABB2-FE9E836AA3B1}.Release|Any CPU.ActiveCfg = Release|Any CPU
		{78B48230-72DF-492A-ABB2-FE9E836AA3B1}.Release|Any CPU.Build.0 = Release|Any CPU
		{E2E398A7-BB89-470F-A009-C445B5C3443E}.Debug|Any CPU.ActiveCfg = Debug|Any CPU
		{E2E398A7-BB89-470F-A009-C445B5C3443E}.Debug|Any CPU.Build.0 = Debug|Any CPU
		{E2E398A7-BB89-470F-A009-C445B5C3443E}.Release|Any CPU.ActiveCfg = Release|Any CPU
		{E2E398A7-BB89-470F-A009-C445B5C3443E}.Release|Any CPU.Build.0 = Release|Any CPU
		{5DC4F44F-386D-4C81-9839-272C9B824784}.Debug|Any CPU.ActiveCfg = Debug|Any CPU
		{5DC4F44F-386D-4C81-9839-272C9B824784}.Debug|Any CPU.Build.0 = Debug|Any CPU
		{5DC4F44F-386D-4C81-9839-272C9B824784}.Release|Any CPU.ActiveCfg = Release|Any CPU
		{5DC4F44F-386D-4C81-9839-272C9B824784}.Release|Any CPU.Build.0 = Release|Any CPU
		{ABA7BAFF-0C35-489A-A059-65C540B22E67}.Debug|Any CPU.ActiveCfg = Debug|Any CPU
		{ABA7BAFF-0C35-489A-A059-65C540B22E67}.Debug|Any CPU.Build.0 = Debug|Any CPU
		{ABA7BAFF-0C35-489A-A059-65C540B22E67}.Release|Any CPU.ActiveCfg = Release|Any CPU
		{ABA7BAFF-0C35-489A-A059-65C540B22E67}.Release|Any CPU.Build.0 = Release|Any CPU
	EndGlobalSection
	GlobalSection(SolutionProperties) = preSolution
		HideSolutionNode = FALSE
	EndGlobalSection
	GlobalSection(NestedProjects) = preSolution
		{AB488A3A-821E-4E00-8ACE-B7343935DB1C} = {DD7EA1C2-62DF-4E2B-8688-0D196877A004}
		{06D019D2-CB76-46B2-B7B6-8B8FE58594D7} = {7BB65B1A-5524-46AB-ABCA-ACA65BB4D970}
		{B0BFC293-5A9C-4DB4-B314-BD069BE14A99} = {7BB65B1A-5524-46AB-ABCA-ACA65BB4D970}
		{A3F1E6FC-433E-4ABE-A8EA-2302D86D89E7} = {7BB65B1A-5524-46AB-ABCA-ACA65BB4D970}
		{994E2D11-2645-4756-AF2E-CC83F9B26526} = {42119377-E8F8-42FD-AEE5-0DDEEAD0AC39}
		{9BBF33EA-8B68-44E2-A747-9566B28C4C4B} = {42119377-E8F8-42FD-AEE5-0DDEEAD0AC39}
		{C20FD750-33F9-43F7-84CE-8B1525B6E512} = {42119377-E8F8-42FD-AEE5-0DDEEAD0AC39}
		{2D3332AD-3139-4205-A4D0-A79D4CFC8F77} = {42119377-E8F8-42FD-AEE5-0DDEEAD0AC39}
		{80C24B69-489B-4239-869E-9CE72EB51C9D} = {094A00BD-DFB2-46CE-8043-BF7B2793C06D}
		{64E7B0C4-E00D-4742-BDC4-7497004F22BC} = {094A00BD-DFB2-46CE-8043-BF7B2793C06D}
		{78B48230-72DF-492A-ABB2-FE9E836AA3B1} = {094A00BD-DFB2-46CE-8043-BF7B2793C06D}
		{E2E398A7-BB89-470F-A009-C445B5C3443E} = {9FA95784-A7DB-410D-B935-58EFA3FD68F0}
		{5DC4F44F-386D-4C81-9839-272C9B824784} = {B7743DA0-6114-4FE8-AB32-B4425F28BB7B}
		{ABA7BAFF-0C35-489A-A059-65C540B22E67} = {20EF0AAD-38D5-44BA-B296-CE633C2D6DEF}
	EndGlobalSection
	GlobalSection(ExtensibilityGlobals) = postSolution
		SolutionGuid = {6ADBABBB-A294-4A10-81BA-C7C7B6C1DE73}
	EndGlobalSection
EndGlobal
